// !$*UTF8*$!
{
	archiveVersion = 1;
	classes = {
	};
	objectVersion = 50;
	objects = {

/* Begin PBXBuildFile section */
		98E7F4C0249933E50013E533 /* add.cpp in Sources */ = {isa = PBXBuildFile; fileRef = 98E7F4BF249933E50013E533 /* add.cpp */; };
		98E7F4C3249934820013E533 /* centuryFromYear.cpp in Sources */ = {isa = PBXBuildFile; fileRef = 98E7F4C1249934820013E533 /* centuryFromYear.cpp */; };
		98E7F4C5249935170013E533 /* checkPalindrome.cpp in Sources */ = {isa = PBXBuildFile; fileRef = 98E7F4C4249935170013E533 /* checkPalindrome.cpp */; };
		98E7F4C824993D550013E533 /* adjacentElementsProduct.cpp in Sources */ = {isa = PBXBuildFile; fileRef = 98E7F4C724993D550013E533 /* adjacentElementsProduct.cpp */; };
		98E7F4CA24993DD30013E533 /* shapeArea.cpp in Sources */ = {isa = PBXBuildFile; fileRef = 98E7F4C924993DD30013E533 /* shapeArea.cpp */; };
		98E7F4CC24993E4E0013E533 /* makeArrayConsecutive2.cpp in Sources */ = {isa = PBXBuildFile; fileRef = 98E7F4CB24993E4E0013E533 /* makeArrayConsecutive2.cpp */; };
		98E7F4CF249943E90013E533 /* almostIncreasingSequence.cpp in Sources */ = {isa = PBXBuildFile; fileRef = 98E7F4CD249943E90013E533 /* almostIncreasingSequence.cpp */; };
/* End PBXBuildFile section */

/* Begin PBXCopyFilesBuildPhase section */
		98E7F4B0249933650013E533 /* CopyFiles */ = {
			isa = PBXCopyFilesBuildPhase;
			buildActionMask = 2147483647;
			dstPath = /usr/share/man/man1/;
			dstSubfolderSpec = 0;
			files = (
			);
			runOnlyForDeploymentPostprocessing = 1;
		};
/* End PBXCopyFilesBuildPhase section */

/* Begin PBXFileReference section */
		98E7F4B2249933650013E533 /* CodeSignal */ = {isa = PBXFileReference; explicitFileType = "compiled.mach-o.executable"; includeInIndex = 0; path = CodeSignal; sourceTree = BUILT_PRODUCTS_DIR; };
		98E7F4BF249933E50013E533 /* add.cpp */ = {isa = PBXFileReference; lastKnownFileType = sourcecode.cpp.cpp; path = add.cpp; sourceTree = "<group>"; };
		98E7F4C1249934820013E533 /* centuryFromYear.cpp */ = {isa = PBXFileReference; lastKnownFileType = sourcecode.cpp.cpp; path = centuryFromYear.cpp; sourceTree = "<group>"; };
		98E7F4C4249935170013E533 /* checkPalindrome.cpp */ = {isa = PBXFileReference; lastKnownFileType = sourcecode.cpp.cpp; path = checkPalindrome.cpp; sourceTree = "<group>"; };
		98E7F4C724993D550013E533 /* adjacentElementsProduct.cpp */ = {isa = PBXFileReference; lastKnownFileType = sourcecode.cpp.cpp; path = adjacentElementsProduct.cpp; sourceTree = "<group>"; };
		98E7F4C924993DD30013E533 /* shapeArea.cpp */ = {isa = PBXFileReference; lastKnownFileType = sourcecode.cpp.cpp; path = shapeArea.cpp; sourceTree = "<group>"; };
		98E7F4CB24993E4E0013E533 /* makeArrayConsecutive2.cpp */ = {isa = PBXFileReference; lastKnownFileType = sourcecode.cpp.cpp; path = makeArrayConsecutive2.cpp; sourceTree = "<group>"; };
		98E7F4CD249943E90013E533 /* almostIncreasingSequence.cpp */ = {isa = PBXFileReference; lastKnownFileType = sourcecode.cpp.cpp; path = almostIncreasingSequence.cpp; sourceTree = "<group>"; };
		98E7F4CE249943E90013E533 /* almostIncreasingSequence.hpp */ = {isa = PBXFileReference; lastKnownFileType = sourcecode.cpp.h; path = almostIncreasingSequence.hpp; sourceTree = "<group>"; };
/* End PBXFileReference section */

/* Begin PBXFrameworksBuildPhase section */
		98E7F4AF249933650013E533 /* Frameworks */ = {
			isa = PBXFrameworksBuildPhase;
			buildActionMask = 2147483647;
			files = (
			);
			runOnlyForDeploymentPostprocessing = 0;
		};
/* End PBXFrameworksBuildPhase section */

/* Begin PBXGroup section */
		98E7F4A9249933650013E533 = {
			isa = PBXGroup;
			children = (
				98E7F4B4249933650013E533 /* CodeSignal */,
				98E7F4B3249933650013E533 /* Products */,
			);
			sourceTree = "<group>";
		};
		98E7F4B3249933650013E533 /* Products */ = {
			isa = PBXGroup;
			children = (
				98E7F4B2249933650013E533 /* CodeSignal */,
			);
			name = Products;
			sourceTree = "<group>";
		};
		98E7F4B4249933650013E533 /* CodeSignal */ = {
			isa = PBXGroup;
			children = (
				98E7F4BC249933960013E533 /* Arcade */,
			);
			path = CodeSignal;
			sourceTree = "<group>";
		};
		98E7F4BC249933960013E533 /* Arcade */ = {
			isa = PBXGroup;
			children = (
				98E7F4BD249933B80013E533 /* Intro */,
			);
			path = Arcade;
			sourceTree = "<group>";
		};
		98E7F4BD249933B80013E533 /* Intro */ = {
			isa = PBXGroup;
			children = (
				98E7F4C6249938AC0013E533 /* Edge of the Ocean */,
				98E7F4BE249933C50013E533 /* The Journey Begins */,
			);
			path = Intro;
			sourceTree = "<group>";
		};
		98E7F4BE249933C50013E533 /* The Journey Begins */ = {
			isa = PBXGroup;
			children = (
				98E7F4BF249933E50013E533 /* add.cpp */,
				98E7F4C1249934820013E533 /* centuryFromYear.cpp */,
				98E7F4C4249935170013E533 /* checkPalindrome.cpp */,
			);
			path = "The Journey Begins";
			sourceTree = "<group>";
		};
		98E7F4C6249938AC0013E533 /* Edge of the Ocean */ = {
			isa = PBXGroup;
			children = (
				98E7F4C724993D550013E533 /* adjacentElementsProduct.cpp */,
				98E7F4C924993DD30013E533 /* shapeArea.cpp */,
				98E7F4CB24993E4E0013E533 /* makeArrayConsecutive2.cpp */,
				98E7F4CD249943E90013E533 /* almostIncreasingSequence.cpp */,
				98E7F4CE249943E90013E533 /* almostIncreasingSequence.hpp */,
			);
			path = "Edge of the Ocean";
			sourceTree = "<group>";
		};
/* End PBXGroup section */

/* Begin PBXNativeTarget section */
		98E7F4B1249933650013E533 /* CodeSignal */ = {
			isa = PBXNativeTarget;
			buildConfigurationList = 98E7F4B9249933650013E533 /* Build configuration list for PBXNativeTarget "CodeSignal" */;
			buildPhases = (
				98E7F4AE249933650013E533 /* Sources */,
				98E7F4AF249933650013E533 /* Frameworks */,
				98E7F4B0249933650013E533 /* CopyFiles */,
			);
			buildRules = (
			);
			dependencies = (
			);
			name = CodeSignal;
			productName = CodeSignal;
			productReference = 98E7F4B2249933650013E533 /* CodeSignal */;
			productType = "com.apple.product-type.tool";
		};
/* End PBXNativeTarget section */

/* Begin PBXProject section */
		98E7F4AA249933650013E533 /* Project object */ = {
			isa = PBXProject;
			attributes = {
				LastUpgradeCheck = 1010;
				ORGANIZATIONNAME = "Николай Курко";
				TargetAttributes = {
					98E7F4B1249933650013E533 = {
						CreatedOnToolsVersion = 10.1;
					};
				};
			};
			buildConfigurationList = 98E7F4AD249933650013E533 /* Build configuration list for PBXProject "CodeSignal" */;
			compatibilityVersion = "Xcode 9.3";
			developmentRegion = en;
			hasScannedForEncodings = 0;
			knownRegions = (
				en,
			);
			mainGroup = 98E7F4A9249933650013E533;
			productRefGroup = 98E7F4B3249933650013E533 /* Products */;
			projectDirPath = "";
			projectRoot = "";
			targets = (
				98E7F4B1249933650013E533 /* CodeSignal */,
			);
		};
/* End PBXProject section */

/* Begin PBXSourcesBuildPhase section */
		98E7F4AE249933650013E533 /* Sources */ = {
			isa = PBXSourcesBuildPhase;
			buildActionMask = 2147483647;
			files = (
				98E7F4CF249943E90013E533 /* almostIncreasingSequence.cpp in Sources */,
				98E7F4C824993D550013E533 /* adjacentElementsProduct.cpp in Sources */,
				98E7F4CC24993E4E0013E533 /* makeArrayConsecutive2.cpp in Sources */,
				98E7F4CA24993DD30013E533 /* shapeArea.cpp in Sources */,
				98E7F4C5249935170013E533 /* checkPalindrome.cpp in Sources */,
				98E7F4C0249933E50013E533 /* add.cpp in Sources */,
				98E7F4C3249934820013E533 /* centuryFromYear.cpp in Sources */,
			);
			runOnlyForDeploymentPostprocessing = 0;
		};
/* End PBXSourcesBuildPhase section */

/* Begin XCBuildConfiguration section */
		98E7F4B7249933650013E533 /* Debug */ = {
			isa = XCBuildConfiguration;
			buildSettings = {
				ALWAYS_SEARCH_USER_PATHS = NO;
				CLANG_ANALYZER_NONNULL = YES;
				CLANG_ANALYZER_NUMBER_OBJECT_CONVERSION = YES_AGGRESSIVE;
				CLANG_CXX_LANGUAGE_STANDARD = "gnu++14";
				CLANG_CXX_LIBRARY = "libc++";
				CLANG_ENABLE_MODULES = YES;
				CLANG_ENABLE_OBJC_ARC = YES;
				CLANG_ENABLE_OBJC_WEAK = YES;
				CLANG_WARN_BLOCK_CAPTURE_AUTORELEASING = YES;
				CLANG_WARN_BOOL_CONVERSION = YES;
				CLANG_WARN_COMMA = YES;
				CLANG_WARN_CONSTANT_CONVERSION = YES;
				CLANG_WARN_DEPRECATED_OBJC_IMPLEMENTATIONS = YES;
				CLANG_WARN_DIRECT_OBJC_ISA_USAGE = YES_ERROR;
				CLANG_WARN_DOCUMENTATION_COMMENTS = YES;
				CLANG_WARN_EMPTY_BODY = YES;
				CLANG_WARN_ENUM_CONVERSION = YES;
				CLANG_WARN_INFINITE_RECURSION = YES;
				CLANG_WARN_INT_CONVERSION = YES;
				CLANG_WARN_NON_LITERAL_NULL_CONVERSION = YES;
				CLANG_WARN_OBJC_IMPLICIT_RETAIN_SELF = YES;
				CLANG_WARN_OBJC_LITERAL_CONVERSION = YES;
				CLANG_WARN_OBJC_ROOT_CLASS = YES_ERROR;
				CLANG_WARN_RANGE_LOOP_ANALYSIS = YES;
				CLANG_WARN_STRICT_PROTOTYPES = YES;
				CLANG_WARN_SUSPICIOUS_MOVE = YES;
				CLANG_WARN_UNGUARDED_AVAILABILITY = YES_AGGRESSIVE;
				CLANG_WARN_UNREACHABLE_CODE = YES;
				CLANG_WARN__DUPLICATE_METHOD_MATCH = YES;
				CODE_SIGN_IDENTITY = "-";
				COPY_PHASE_STRIP = NO;
				DEBUG_INFORMATION_FORMAT = dwarf;
				ENABLE_STRICT_OBJC_MSGSEND = YES;
				ENABLE_TESTABILITY = YES;
				GCC_C_LANGUAGE_STANDARD = gnu11;
				GCC_DYNAMIC_NO_PIC = NO;
				GCC_NO_COMMON_BLOCKS = YES;
				GCC_OPTIMIZATION_LEVEL = 0;
				GCC_PREPROCESSOR_DEFINITIONS = (
					"DEBUG=1",
					"$(inherited)",
				);
				GCC_WARN_64_TO_32_BIT_CONVERSION = YES;
				GCC_WARN_ABOUT_RETURN_TYPE = YES_ERROR;
				GCC_WARN_UNDECLARED_SELECTOR = YES;
				GCC_WARN_UNINITIALIZED_AUTOS = YES_AGGRESSIVE;
				GCC_WARN_UNUSED_FUNCTION = YES;
				GCC_WARN_UNUSED_VARIABLE = YES;
				MACOSX_DEPLOYMENT_TARGET = 10.14;
				MTL_ENABLE_DEBUG_INFO = INCLUDE_SOURCE;
				MTL_FAST_MATH = YES;
				ONLY_ACTIVE_ARCH = YES;
				SDKROOT = macosx;
			};
			name = Debug;
		};
		98E7F4B8249933650013E533 /* Release */ = {
			isa = XCBuildConfiguration;
			buildSettings = {
				ALWAYS_SEARCH_USER_PATHS = NO;
				CLANG_ANALYZER_NONNULL = YES;
				CLANG_ANALYZER_NUMBER_OBJECT_CONVERSION = YES_AGGRESSIVE;
				CLANG_CXX_LANGUAGE_STANDARD = "gnu++14";
				CLANG_CXX_LIBRARY = "libc++";
				CLANG_ENABLE_MODULES = YES;
				CLANG_ENABLE_OBJC_ARC = YES;
				CLANG_ENABLE_OBJC_WEAK = YES;
				CLANG_WARN_BLOCK_CAPTURE_AUTORELEASING = YES;
				CLANG_WARN_BOOL_CONVERSION = YES;
				CLANG_WARN_COMMA = YES;
				CLANG_WARN_CONSTANT_CONVERSION = YES;
				CLANG_WARN_DEPRECATED_OBJC_IMPLEMENTATIONS = YES;
				CLANG_WARN_DIRECT_OBJC_ISA_USAGE = YES_ERROR;
				CLANG_WARN_DOCUMENTATION_COMMENTS = YES;
				CLANG_WARN_EMPTY_BODY = YES;
				CLANG_WARN_ENUM_CONVERSION = YES;
				CLANG_WARN_INFINITE_RECURSION = YES;
				CLANG_WARN_INT_CONVERSION = YES;
				CLANG_WARN_NON_LITERAL_NULL_CONVERSION = YES;
				CLANG_WARN_OBJC_IMPLICIT_RETAIN_SELF = YES;
				CLANG_WARN_OBJC_LITERAL_CONVERSION = YES;
				CLANG_WARN_OBJC_ROOT_CLASS = YES_ERROR;
				CLANG_WARN_RANGE_LOOP_ANALYSIS = YES;
				CLANG_WARN_STRICT_PROTOTYPES = YES;
				CLANG_WARN_SUSPICIOUS_MOVE = YES;
				CLANG_WARN_UNGUARDED_AVAILABILITY = YES_AGGRESSIVE;
				CLANG_WARN_UNREACHABLE_CODE = YES;
				CLANG_WARN__DUPLICATE_METHOD_MATCH = YES;
				CODE_SIGN_IDENTITY = "-";
				COPY_PHASE_STRIP = NO;
				DEBUG_INFORMATION_FORMAT = "dwarf-with-dsym";
				ENABLE_NS_ASSERTIONS = NO;
				ENABLE_STRICT_OBJC_MSGSEND = YES;
				GCC_C_LANGUAGE_STANDARD = gnu11;
				GCC_NO_COMMON_BLOCKS = YES;
				GCC_WARN_64_TO_32_BIT_CONVERSION = YES;
				GCC_WARN_ABOUT_RETURN_TYPE = YES_ERROR;
				GCC_WARN_UNDECLARED_SELECTOR = YES;
				GCC_WARN_UNINITIALIZED_AUTOS = YES_AGGRESSIVE;
				GCC_WARN_UNUSED_FUNCTION = YES;
				GCC_WARN_UNUSED_VARIABLE = YES;
				MACOSX_DEPLOYMENT_TARGET = 10.14;
				MTL_ENABLE_DEBUG_INFO = NO;
				MTL_FAST_MATH = YES;
				SDKROOT = macosx;
			};
			name = Release;
		};
		98E7F4BA249933650013E533 /* Debug */ = {
			isa = XCBuildConfiguration;
			buildSettings = {
				CODE_SIGN_STYLE = Automatic;
				PRODUCT_NAME = "$(TARGET_NAME)";
			};
			name = Debug;
		};
		98E7F4BB249933650013E533 /* Release */ = {
			isa = XCBuildConfiguration;
			buildSettings = {
				CODE_SIGN_STYLE = Automatic;
				PRODUCT_NAME = "$(TARGET_NAME)";
			};
			name = Release;
		};
/* End XCBuildConfiguration section */

/* Begin XCConfigurationList section */
		98E7F4AD249933650013E533 /* Build configuration list for PBXProject "CodeSignal" */ = {
			isa = XCConfigurationList;
			buildConfigurations = (
				98E7F4B7249933650013E533 /* Debug */,
				98E7F4B8249933650013E533 /* Release */,
			);
			defaultConfigurationIsVisible = 0;
			defaultConfigurationName = Release;
		};
		98E7F4B9249933650013E533 /* Build configuration list for PBXNativeTarget "CodeSignal" */ = {
			isa = XCConfigurationList;
			buildConfigurations = (
				98E7F4BA249933650013E533 /* Debug */,
				98E7F4BB249933650013E533 /* Release */,
			);
			defaultConfigurationIsVisible = 0;
			defaultConfigurationName = Release;
		};
/* End XCConfigurationList section */
	};
	rootObject = 98E7F4AA249933650013E533 /* Project object */;
}
